
Microsoft Visual Studio Solution File, Format Version 12.00
# Visual Studio Version 16
VisualStudioVersion = 16.0.30011.22
MinimumVisualStudioVersion = 10.0.40219.1
Project("{FAE04EC0-301F-11D3-BF4B-00C04F79EFBC}") = "CRUD01", "CRUD01\CRUD01.csproj", "{EC4F0CDA-2DC0-4477-B473-74B684D7C64D}"
EndProject
Global
	GlobalSection(SolutionConfigurationPlatforms) = preSolution
		Debug|Any CPU = Debug|Any CPU
		Release|Any CPU = Release|Any CPU
	EndGlobalSection
	GlobalSection(ProjectConfigurationPlatforms) = postSolution
		{EC4F0CDA-2DC0-4477-B473-74B684D7C64D}.Debug|Any CPU.ActiveCfg = Debug|Any CPU
		{EC4F0CDA-2DC0-4477-B473-74B684D7C64D}.Debug|Any CPU.Build.0 = Debug|Any CPU
		{EC4F0CDA-2DC0-4477-B473-74B684D7C64D}.Release|Any CPU.ActiveCfg = Release|Any CPU
		{EC4F0CDA-2DC0-4477-B473-74B684D7C64D}.Release|Any CPU.Build.0 = Release|Any CPU
	EndGlobalSection
	GlobalSection(SolutionProperties) = preSolution
		HideSolutionNode = FALSE
	EndGlobalSection
	GlobalSection(ExtensibilityGlobals) = postSolution
		SolutionGuid = {7E2C93D4-D723-4B81-8404-968D19CDAB3C}
	EndGlobalSection
EndGlobal
